{
  "name": "repro--messageformat-runtime-messages",
  "version": "0.0.0",
  "lockfileVersion": 2,
  "requires": true,
  "packages": {
    "": {
      "version": "0.0.0",
      "license": "MIT",
      "dependencies": {
        "@messageformat/runtime": "3.0.0",
        "typescript": "4.3.5"
      }
    },
    "node_modules/@messageformat/runtime": {
      "version": "3.0.0",
      "resolved": "https://registry.npmjs.org/@messageformat/runtime/-/runtime-3.0.0.tgz",
      "integrity": "sha512-boV0oH8jnJM/qoynQKnIbnKK5M7JPpKM0y9QUB9nQMMt16qSlgi5FfUo8usgoq6wEYqxDmIqtUfBewcj2VP+yQ==",
      "dependencies": {
        "make-plural": "^6.2.1"
      }
    },
    "node_modules/make-plural": {
      "version": "6.2.2",
      "resolved": "https://registry.npmjs.org/make-plural/-/make-plural-6.2.2.tgz",
      "integrity": "sha512-8iTuFioatnTTmb/YJjywkVIHLjcwkFD9Ms0JpxjEm9Mo8eQYkh1z+55dwv4yc1jQ8ftVBxWQbihvZL1DfzGGWA=="
    },
    "node_modules/typescript": {
      "version": "4.3.5",
      "resolved": "https://registry.npmjs.org/typescript/-/typescript-4.3.5.tgz",
      "integrity": "sha512-DqQgihaQ9cUrskJo9kIyW/+g0Vxsk8cDtZ52a3NGh0YNTfpUSArXSohyUGnvbPazEPLu398C0UxmKSOrPumUzA==",
      "bin": {
        "tsc": "bin/tsc",
        "tsserver": "bin/tsserver"
      },
      "engines": {
        "node": ">=4.2.0"
      }
    }
  },
  "dependencies": {
    "@messageformat/runtime": {
      "version": "3.0.0",
      "resolved": "https://registry.npmjs.org/@messageformat/runtime/-/runtime-3.0.0.tgz",
      "integrity": "sha512-boV0oH8jnJM/qoynQKnIbnKK5M7JPpKM0y9QUB9nQMMt16qSlgi5FfUo8usgoq6wEYqxDmIqtUfBewcj2VP+yQ==",
      "requires": {
        "make-plural": "^6.2.1"
      }
    },
    "make-plural": {
      "version": "6.2.2",
      "resolved": "https://registry.npmjs.org/make-plural/-/make-plural-6.2.2.tgz",
      "integrity": "sha512-8iTuFioatnTTmb/YJjywkVIHLjcwkFD9Ms0JpxjEm9Mo8eQYkh1z+55dwv4yc1jQ8ftVBxWQbihvZL1DfzGGWA=="
    },
    "typescript": {
      "version": "4.3.5",
      "resolved": "https://registry.npmjs.org/typescript/-/typescript-4.3.5.tgz",
      "integrity": "sha512-DqQgihaQ9cUrskJo9kIyW/+g0Vxsk8cDtZ52a3NGh0YNTfpUSArXSohyUGnvbPazEPLu398C0UxmKSOrPumUzA=="
    }
  }
}
